
Microsoft Visual Studio Solution File, Format Version 12.00
# Visual Studio Version 16
VisualStudioVersion = 16.0.31112.23
MinimumVisualStudioVersion = 10.0.40219.1
Project("{FAE04EC0-301F-11D3-BF4B-00C04F79EFBC}") = "PortuRestApi", "PortuRestApi\PortuRestApi.csproj", "{D644A2EE-B6A2-4E7E-B278-A9393852DFE9}"
EndProject
Global
	GlobalSection(SolutionConfigurationPlatforms) = preSolution
		Debug|Any CPU = Debug|Any CPU
		Release|Any CPU = Release|Any CPU
	EndGlobalSection
	GlobalSection(ProjectConfigurationPlatforms) = postSolution
		{D644A2EE-B6A2-4E7E-B278-A9393852DFE9}.Debug|Any CPU.ActiveCfg = Debug|Any CPU
		{D644A2EE-B6A2-4E7E-B278-A9393852DFE9}.Debug|Any CPU.Build.0 = Debug|Any CPU
		{D644A2EE-B6A2-4E7E-B278-A9393852DFE9}.Release|Any CPU.ActiveCfg = Release|Any CPU
		{D644A2EE-B6A2-4E7E-B278-A9393852DFE9}.Release|Any CPU.Build.0 = Release|Any CPU
	EndGlobalSection
	GlobalSection(SolutionProperties) = preSolution
		HideSolutionNode = FALSE
	EndGlobalSection
	GlobalSection(ExtensibilityGlobals) = postSolution
		SolutionGuid = {E598AE58-98D5-447C-9F22-C2F84E28B02B}
	EndGlobalSection
EndGlobal
